
Microsoft Visual Studio Solution File, Format Version 12.00
# Visual Studio Version 17
VisualStudioVersion = 17.9.34728.123
MinimumVisualStudioVersion = 10.0.40219.1
Project("{FAE04EC0-301F-11D3-BF4B-00C04F79EFBC}") = "signalRxGemini", "signalRxGemini.csproj", "{95FB51B8-603C-4D83-8476-54930CB7A36D}"
EndProject
Global
	GlobalSection(SolutionConfigurationPlatforms) = preSolution
		Debug|Any CPU = Debug|Any CPU
		Release|Any CPU = Release|Any CPU
	EndGlobalSection
	GlobalSection(ProjectConfigurationPlatforms) = postSolution
		{95FB51B8-603C-4D83-8476-54930CB7A36D}.Debug|Any CPU.ActiveCfg = Debug|Any CPU
		{95FB51B8-603C-4D83-8476-54930CB7A36D}.Debug|Any CPU.Build.0 = Debug|Any CPU
		{95FB51B8-603C-4D83-8476-54930CB7A36D}.Release|Any CPU.ActiveCfg = Release|Any CPU
		{95FB51B8-603C-4D83-8476-54930CB7A36D}.Release|Any CPU.Build.0 = Release|Any CPU
	EndGlobalSection
	GlobalSection(SolutionProperties) = preSolution
		HideSolutionNode = FALSE
	EndGlobalSection
	GlobalSection(ExtensibilityGlobals) = postSolution
		SolutionGuid = {8D3DEE78-A853-4BE6-98F6-AD2877A76CA2}
	EndGlobalSection
EndGlobal
